
Microsoft Visual Studio Solution File, Format Version 12.00
# Visual Studio Version 17
VisualStudioVersion = 17.14.36414.22 d17.14
MinimumVisualStudioVersion = 10.0.40219.1
Project("{FAE04EC0-301F-11D3-BF4B-00C04F79EFBC}") = "cr0wLib-cs", "cr0wLib-cs\cr0wLib-cs.csproj", "{D46B1BFE-6FA8-4F53-A272-58DD9740AEC1}"
EndProject
Global
	GlobalSection(SolutionConfigurationPlatforms) = preSolution
		Debug|Any CPU = Debug|Any CPU
		Release|Any CPU = Release|Any CPU
	EndGlobalSection
	GlobalSection(ProjectConfigurationPlatforms) = postSolution
		{D46B1BFE-6FA8-4F53-A272-58DD9740AEC1}.Debug|Any CPU.ActiveCfg = Debug|Any CPU
		{D46B1BFE-6FA8-4F53-A272-58DD9740AEC1}.Debug|Any CPU.Build.0 = Debug|Any CPU
		{D46B1BFE-6FA8-4F53-A272-58DD9740AEC1}.Release|Any CPU.ActiveCfg = Release|Any CPU
		{D46B1BFE-6FA8-4F53-A272-58DD9740AEC1}.Release|Any CPU.Build.0 = Release|Any CPU
	EndGlobalSection
	GlobalSection(SolutionProperties) = preSolution
		HideSolutionNode = FALSE
	EndGlobalSection
	GlobalSection(ExtensibilityGlobals) = postSolution
		SolutionGuid = {47452D4E-6DE0-413C-B7A8-580177A9BEA7}
	EndGlobalSection
EndGlobal
